{
  "lockfileVersion": 1,
  "configVersion": 1,
  "workspaces": {
    "": {
      "name": "app",
      "dependencies": {
        "@elysia/cors": "^1.4.2",
        "@elysia/openapi": "^1.4.15",
        "@elysia/static": "^1.4.11",
        "@mtcute/bun": "^0.32.1",
        "@mtcute/html-parser": "^0.32.1",
        "altcha-lib": "^2.4.0",
        "elysia": "latest",
        "elysia-http-status-code": "^1.0.9",
        "jose": "^6.2.10",
        "kysely": "^0.29.5",
        "kysely-postgres-js": "^4.0.0",
        "lexorank": "^1.0.5",
      },
      "devDependencies": {
        "@sinclair/typebox": "^0.34.52",
        "bun-types": "latest",
      },
    },
  },
  "packages": {
    "@borewit/text-codec": ["@borewit/text-codec@0.2.2", "https://registry.nirel.cc/npm/@borewit/text-codec/-/text-codec-0.2.2.tgz", {}, "sha512-DDaRehssg1aNrH4+2hnj1B7vnUGEjU6OIlyRdkMd0aUdIUvKXrJfXsy8LVtXAy7DRvYVluWbMspsRhz2lcW0mQ=="],

    "@elysia/cors": ["@elysia/cors@1.4.2", "https://registry.nirel.cc/npm/@elysia/cors/-/cors-1.4.2.tgz", { "peerDependencies": { "elysia": ">= 1.4.0" } }, "sha512-dXkfo1IxZWJkJReNYnPJorJqb+XpWno0D/YWlMEJSkiFIFd751zJ4R/YswAYdo88mLWo8cycEj673o7L+gbxsw=="],

    "@elysia/openapi": ["@elysia/openapi@1.4.15", "https://registry.nirel.cc/npm/@elysia/openapi/-/openapi-1.4.15.tgz", { "peerDependencies": { "elysia": ">= 1.4.0" } }, "sha512-MrVGCPo5hnRF4/yWGOyH5ddjt4DlSIbeC5rrkupQtHY8TEQe+XdJa2YM9aUOrtgtRcy4UNGyiVlLl/jllPkPQA=="],

    "@elysia/static": ["@elysia/static@1.4.11", "https://registry.nirel.cc/npm/@elysia/static/-/static-1.4.11.tgz", { "peerDependencies": { "elysia": ">= 1.4.0" } }, "sha512-L3PN8V+cgz9Oz9kTow7ed3DHHCTHb9ZqZZDLxmKhrIKcFmWvjqzTm9TcMR2aLKjjls+QMSGuB7ZyaO+usIXovA=="],

    "@fuman/bun": ["@fuman/bun@0.0.21", "https://registry.nirel.cc/npm/@fuman/bun/-/bun-0.0.21.tgz", { "dependencies": { "@fuman/io": "^0.0.21", "@fuman/net": "^0.0.21", "@fuman/utils": "^0.0.21" } }, "sha512-yWCFrBrZEhpsRu3LBYz5yx8XadTBgagNz1IHThbb+wK4Gj+tYFET6j6juoA+d2M1ff7vVPPfiN9YnkapyFEjbg=="],

    "@fuman/io": ["@fuman/io@0.0.21", "https://registry.nirel.cc/npm/@fuman/io/-/io-0.0.21.tgz", { "dependencies": { "@fuman/utils": "^0.0.21" } }, "sha512-8tSqmAUBWFdYrQUednl3I3VxLudaVXfyCqmPyiaDAXgmABTnjD2LvbXoJ7StrV9bvlrwVmwE+smwiKXSJtji0g=="],

    "@fuman/net": ["@fuman/net@0.0.21", "https://registry.nirel.cc/npm/@fuman/net/-/net-0.0.21.tgz", { "dependencies": { "@fuman/io": "^0.0.21", "@fuman/utils": "^0.0.21" } }, "sha512-4PbDA2f6SfR5CtOs7omZNrrRh1X23KQBI0XmpL/r1fVd726H6+IfhDRxm/fgNKlLgMwe6pGbI/hzt8JU0y0sgw=="],

    "@fuman/utils": ["@fuman/utils@0.0.21", "https://registry.nirel.cc/npm/@fuman/utils/-/utils-0.0.21.tgz", {}, "sha512-2N5bPK18uGgZRans+ZQ33SE+xSGj4BZNnJbSUnGdH/i4ADTdz/ziC/16Qy3/Jqzbrwr21IpuKObnELp8DDfkDQ=="],

    "@mtcute/bun": ["@mtcute/bun@0.32.1", "https://registry.nirel.cc/npm/@mtcute/bun/-/bun-0.32.1.tgz", { "dependencies": { "@fuman/bun": "0.0.21", "@fuman/io": "0.0.21", "@fuman/net": "0.0.21", "@fuman/utils": "0.0.21", "@mtcute/core": "^0.32.1", "@mtcute/html-parser": "^0.32.1", "@mtcute/markdown-parser": "^0.32.1", "@mtcute/wasm": "^0.32.0" } }, "sha512-vknEutpnPgv+Tih/HA0o5DbP/JYnlJO5i+/BJjgXUFSqHhIJ2OTFrfvJDZjpXEOWtr0tsaGh9ryZORvHJ1Lv3w=="],

    "@mtcute/core": ["@mtcute/core@0.32.1", "https://registry.nirel.cc/npm/@mtcute/core/-/core-0.32.1.tgz", { "dependencies": { "@fuman/io": "0.0.21", "@fuman/net": "0.0.21", "@fuman/utils": "0.0.21", "@mtcute/file-id": "^0.32.0", "@mtcute/tl-runtime": "^0.32.0", "@types/events": "3.0.0", "long": "^5.3.2" } }, "sha512-bkUlAmpAupqwqEHZ5dDtPTkh2p8j9ksSuBb771Mc8qJ73ygrsV4qNll0b84K/tXi4n2nQ2uUuJ2NlY1bjfSiSw=="],

    "@mtcute/file-id": ["@mtcute/file-id@0.32.0", "https://registry.nirel.cc/npm/@mtcute/file-id/-/file-id-0.32.0.tgz", { "dependencies": { "@fuman/utils": "0.0.21", "@mtcute/tl-runtime": "^0.32.0", "long": "^5.3.2" } }, "sha512-afg/w6KKEn85xenuHVF4N8ysWy3vYZ7VF2sseUM3OXzLdZgVifRnNTdVUmU2kilpRYsR/B0Qvyu7Sif2N7H47A=="],

    "@mtcute/html-parser": ["@mtcute/html-parser@0.32.1", "https://registry.nirel.cc/npm/@mtcute/html-parser/-/html-parser-0.32.1.tgz", { "dependencies": { "@mtcute/core": "^0.32.1", "htmlparser2": "^10.0.0", "long": "^5.3.2" } }, "sha512-Yc+LnnvYUmiy3IBzhBsPSkow0oP+B4VbVheJMKUMJhIjO1jbpHOdkrPFov07wssxdD0C2FSleWSzLcjXgag+RA=="],

    "@mtcute/markdown-parser": ["@mtcute/markdown-parser@0.32.1", "https://registry.nirel.cc/npm/@mtcute/markdown-parser/-/markdown-parser-0.32.1.tgz", { "dependencies": { "@mtcute/core": "^0.32.1", "long": "^5.3.2" } }, "sha512-gAydSBK+uYK3G/rIbef03q1nDpIlSCNPyCsskvXChqSAB0fqerPw1O/SjJTPZ044GFLu/cIuisti5HqgtwZ4dg=="],

    "@mtcute/tl-runtime": ["@mtcute/tl-runtime@0.32.0", "https://registry.nirel.cc/npm/@mtcute/tl-runtime/-/tl-runtime-0.32.0.tgz", { "dependencies": { "@fuman/utils": "0.0.21", "long": "^5.3.2" } }, "sha512-9TdepMheddBismZDYVng9a0m+D4TqUPWcFc83JiArsXv+pmQiNWzXcoyoTUODUA35i6VOIdO5CuNd8hnKoZHpg=="],

    "@mtcute/wasm": ["@mtcute/wasm@0.32.0", "https://registry.nirel.cc/npm/@mtcute/wasm/-/wasm-0.32.0.tgz", {}, "sha512-Hkp+h7OYN1GPpJ3HYeQfBM/OgvF0oWCuS2OY0shwigQmNJib2gX7fIH+KDd5UsRNuHptWASawMjKA+wLnGpSvw=="],

    "@sinclair/typebox": ["@sinclair/typebox@0.34.52", "https://registry.nirel.cc/npm/@sinclair/typebox/-/typebox-0.34.52.tgz", {}, "sha512-XiMQh7qqVlxZzcVD+kkGMNGMzcTrDMLWI7S4x7z1MkCkbDPrekpZXEUK0eZqZFMuHQg2a2DZOcDIh9o5v3Gonw=="],

    "@tokenizer/inflate": ["@tokenizer/inflate@0.4.1", "https://registry.nirel.cc/npm/@tokenizer/inflate/-/inflate-0.4.1.tgz", { "dependencies": { "debug": "^4.4.3", "token-types": "^6.1.1" } }, "sha512-2mAv+8pkG6GIZiF1kNg1jAjh27IDxEPKwdGul3snfztFerfPGI1LjDezZp3i7BElXompqEtPmoPx6c2wgtWsOA=="],

    "@tokenizer/token": ["@tokenizer/token@0.3.0", "https://registry.nirel.cc/npm/@tokenizer/token/-/token-0.3.0.tgz", {}, "sha512-OvjF+z51L3ov0OyAU0duzsYuvO01PH7x4t6DJx+guahgTnBHkhJdG7soQeTSFLWN3efnHyibZ4Z8l2EuWwJN3A=="],

    "@types/events": ["@types/events@3.0.0", "https://registry.nirel.cc/npm/@types/events/-/events-3.0.0.tgz", {}, "sha512-EaObqwIvayI5a8dCzhFrjKzVwKLxjoG9T6Ppd5CEo07LRKfQ8Yokw54r5+Wq7FaBQ+yXRvQAYPrHwya1/UFt9g=="],

    "@types/node": ["@types/node@26.4.0", "https://registry.nirel.cc/npm/@types/node/-/node-26.4.0.tgz", { "dependencies": { "undici-types": "~8.3.0" } }, "sha512-faiGnoIrLH/V8cibOMEAZ8pMw6oXqSukl29ra4mN8GdaB2ZewzeaLj+INpV5N+Z1eKWzY+IzaIZH2EIR6YZRNQ=="],

    "altcha-lib": ["altcha-lib@2.4.0", "https://registry.nirel.cc/npm/altcha-lib/-/altcha-lib-2.4.0.tgz", { "peerDependencies": { "@fastify/cookie": "^11.0.0", "@fastify/cors": "^11.0.0", "@fastify/formbody": "^8.0.0", "@nestjs/common": "^10.0.0 || ^11.0.0", "@nestjs/core": "^10.0.0 || ^11.0.0", "@nestjs/platform-express": "^10.0.0 || ^11.0.0", "@nestjs/platform-fastify": "^10.0.0 || ^11.0.0", "@sveltejs/kit": "^2.0.0", "cookie-parser": "^1.0.0", "cors": "^2.0.0", "express": "^4.0.0 || ^5.0.0", "fastify": "^5.0.0", "h3": "^2.0.0", "hono": "^4.0.0" }, "optionalPeers": ["@fastify/cookie", "@fastify/cors", "@fastify/formbody", "@nestjs/common", "@nestjs/core", "@nestjs/platform-express", "@nestjs/platform-fastify", "@sveltejs/kit", "cookie-parser", "cors", "express", "fastify", "h3", "hono"], "bin": { "altcha-lib": "bin/cli.mjs" } }, "sha512-QGQPZ3vrL2bZ7rEt9UJs39WSK/LbEanq0jEfwbG6+2wU9wQ2Hzr1hGEs4yPjLew1yNWlkRzY2vsF8N7UM6knWQ=="],

    "bun-types": ["bun-types@1.4.0", "https://registry.nirel.cc/npm/bun-types/-/bun-types-1.4.0.tgz", { "dependencies": { "@types/node": "*" } }, "sha512-iIKw23BspnQQYd3prITOBxeUsxBHnwzX6YJfGMuNOZzeNcMmVqzIIVGRm1l69ogaPQmb4wB6BN8mA5bE9YuC5Q=="],

    "cookie": ["cookie@1.1.1", "https://registry.nirel.cc/npm/cookie/-/cookie-1.1.1.tgz", {}, "sha512-ei8Aos7ja0weRpFzJnEA9UHJ/7XQmqglbRwnf2ATjcB9Wq874VKH9kfjjirM6UhU2/E5fFYadylyhFldcqSidQ=="],

    "debug": ["debug@4.4.3", "https://registry.nirel.cc/npm/debug/-/debug-4.4.3.tgz", { "dependencies": { "ms": "^2.1.3" }, "peerDependencies": { "supports-color": "*" }, "optionalPeers": ["supports-color"] }, "sha512-RGwwWnwQvkVfavKVt22FGLw+xYSdzARwm0ru6DhTVA3umU5hZc28V3kO4stgYryrTlLpuvgI9GiijltAjNbcqA=="],

    "dom-serializer": ["dom-serializer@2.0.0", "https://registry.nirel.cc/npm/dom-serializer/-/dom-serializer-2.0.0.tgz", { "dependencies": { "domelementtype": "^2.3.0", "domhandler": "^5.0.2", "entities": "^4.2.0" } }, "sha512-wIkAryiqt/nV5EQKqQpo3SToSOV9J0DnbJqwK7Wv/Trc92zIAYZ4FlMu+JPFW1DfGFt81ZTCGgDEabffXeLyJg=="],

    "domelementtype": ["domelementtype@2.3.0", "https://registry.nirel.cc/npm/domelementtype/-/domelementtype-2.3.0.tgz", {}, "sha512-OLETBj6w0OsagBwdXnPdN0cnMfF9opN69co+7ZrbfPGrdpPVNBUj02spi6B1N7wChLQiPn4CSH/zJvXw56gmHw=="],

    "domhandler": ["domhandler@5.0.3", "https://registry.nirel.cc/npm/domhandler/-/domhandler-5.0.3.tgz", { "dependencies": { "domelementtype": "^2.3.0" } }, "sha512-cgwlv/1iFQiFnU96XXgROh8xTeetsnJiDsTc7TYCLFd9+/WNkIqPTxiM/8pSd8VIrhXGTf1Ny1q1hquVqDJB5w=="],

    "domutils": ["domutils@3.2.2", "https://registry.nirel.cc/npm/domutils/-/domutils-3.2.2.tgz", { "dependencies": { "dom-serializer": "^2.0.0", "domelementtype": "^2.3.0", "domhandler": "^5.0.3" } }, "sha512-6kZKyUajlDuqlHKVX1w7gyslj9MPIXzIFiz/rGu35uC1wMi+kMhQwGhl4lt9unC9Vb9INnY9Z3/ZA3+FhASLaw=="],

    "elysia": ["elysia@1.4.30", "https://registry.nirel.cc/npm/elysia/-/elysia-1.4.30.tgz", { "dependencies": { "cookie": "^1.1.1", "exact-mirror": "^0.2.7", "fast-decode-uri-component": "^1.0.1", "memoirist": "^0.4.0" }, "peerDependencies": { "@sinclair/typebox": ">= 0.34.0 < 1", "@types/bun": ">= 1.2.0", "file-type": ">= 20.0.0", "openapi-types": ">= 12.0.0", "typescript": ">= 5.0.0" }, "optionalPeers": ["@types/bun", "typescript"] }, "sha512-S2qqV0CbM4faB1hQQ5IYoeYnAUinjHlzRduxaBc4OoNqh0GjOc8k6tt3hv5ozWcG6Svr6hugw6JL4zNke4jwfA=="],

    "elysia-http-status-code": ["elysia-http-status-code@1.0.9", "https://registry.nirel.cc/npm/elysia-http-status-code/-/elysia-http-status-code-1.0.9.tgz", { "peerDependencies": { "elysia": "0.7.12", "typescript": "^5.0.0" } }, "sha512-ae+R6NInUsFbzqxjm+Fax36/cCHnnIL7MfQCx7kyCtl14D16ZwIaSbAiECttX96VGSZEX1KehWmVw/zdwc/XwA=="],

    "entities": ["entities@7.0.1", "https://registry.nirel.cc/npm/entities/-/entities-7.0.1.tgz", {}, "sha512-TWrgLOFUQTH994YUyl1yT4uyavY5nNB5muff+RtWaqNVCAK408b5ZnnbNAUEWLTCpum9w6arT70i1XdQ4UeOPA=="],

    "exact-mirror": ["exact-mirror@0.2.7", "https://registry.nirel.cc/npm/exact-mirror/-/exact-mirror-0.2.7.tgz", { "peerDependencies": { "@sinclair/typebox": "^0.34.15" }, "optionalPeers": ["@sinclair/typebox"] }, "sha512-+MeEmDcLA4o/vjK2zujgk+1VTxPR4hdp23qLqkWfStbECtAq9gmsvQa3LW6z/0GXZyHJobrCnmy1cdeE7BjsYg=="],

    "fast-decode-uri-component": ["fast-decode-uri-component@1.0.1", "https://registry.nirel.cc/npm/fast-decode-uri-component/-/fast-decode-uri-component-1.0.1.tgz", {}, "sha512-WKgKWg5eUxvRZGwW8FvfbaH7AXSh2cL+3j5fMGzUMCxWBJ3dV3a7Wz8y2f/uQ0e3B6WmodD3oS54jTQ9HVTIIg=="],

    "file-type": ["file-type@22.0.2", "https://registry.nirel.cc/npm/file-type/-/file-type-22.0.2.tgz", { "dependencies": { "@tokenizer/inflate": "^0.4.1", "strtok3": "^10.3.5", "token-types": "^6.1.2", "uint8array-extras": "^1.5.0" } }, "sha512-0H8TsCUGBLx+V5adH3EY52hTAcyLKbV1D4gq5cIOJ6DnQAHeV9Z2Hhuc5CoBX4YmvB2oL+JIC84z0qO7JsCoNw=="],

    "htmlparser2": ["htmlparser2@10.1.0", "https://registry.nirel.cc/npm/htmlparser2/-/htmlparser2-10.1.0.tgz", { "dependencies": { "domelementtype": "^2.3.0", "domhandler": "^5.0.3", "domutils": "^3.2.2", "entities": "^7.0.1" } }, "sha512-VTZkM9GWRAtEpveh7MSF6SjjrpNVNNVJfFup7xTY3UpFtm67foy9HDVXneLtFVt4pMz5kZtgNcvCniNFb1hlEQ=="],

    "ieee754": ["ieee754@1.2.1", "https://registry.nirel.cc/npm/ieee754/-/ieee754-1.2.1.tgz", {}, "sha512-dcyqhDvX1C46lXZcVqCpK+FtMRQVdIMN6/Df5js2zouUsqG7I6sFxitIC+7KYK29KdXOLHdu9zL4sFnoVQnqaA=="],

    "jose": ["jose@6.2.10", "https://registry.nirel.cc/npm/jose/-/jose-6.2.10.tgz", {}, "sha512-iiW7J9qRFlGxvCOIBDBDxFePQSn7ZMAnrYGhrrOo6siO/MIqwfyilLR27pkfDgUk+raLuzADS8A3S/KLBisc0g=="],

    "kysely": ["kysely@0.29.5", "https://registry.nirel.cc/npm/kysely/-/kysely-0.29.5.tgz", {}, "sha512-ooa+eSbBNPTo3MycPEuW5jdrxQdQwdtB3LC3h43FiXQbIry5tR0C5lDG7eealK0E4D7XjrnOP5DIUg/LyjRMYQ=="],

    "kysely-postgres-js": ["kysely-postgres-js@4.0.0", "https://registry.nirel.cc/npm/kysely-postgres-js/-/kysely-postgres-js-4.0.0.tgz", { "peerDependencies": { "kysely": ">= 0.29.0 < 1", "postgres": "^3.4.0" }, "optionalPeers": ["postgres"] }, "sha512-zIGYZ1TMduPZJAyeRMo9OodZYPxK4RI8OIKO8XShHiv5gzaY+KxmZnKcnYRvbfdmUH0kv+ZTlYrBZ5Uk+lI1QA=="],

    "lexorank": ["lexorank@1.0.5", "https://registry.nirel.cc/npm/lexorank/-/lexorank-1.0.5.tgz", {}, "sha512-K1B/Yr/gIU0wm68hk/yB0p/mv6xM3ShD5aci42vOwcjof8slG8Kpo3Q7+1WTv7DaRHKWRgLPqrFDt+4GtuFAtA=="],

    "long": ["long@5.3.2", "https://registry.nirel.cc/npm/long/-/long-5.3.2.tgz", {}, "sha512-mNAgZ1GmyNhD7AuqnTG3/VQ26o760+ZYBPKjPvugO8+nLbYfX6TVpJPseBvopbdY+qpZ/lKUnmEc1LeZYS3QAA=="],

    "memoirist": ["memoirist@0.4.0", "https://registry.nirel.cc/npm/memoirist/-/memoirist-0.4.0.tgz", {}, "sha512-zxTgA0mSYELa66DimuNQDvyLq36AwDlTuVRbnQtB+VuTcKWm5Qc4z3WkSpgsFWHNhexqkIooqpv4hdcqrX5Nmg=="],

    "ms": ["ms@2.1.3", "https://registry.nirel.cc/npm/ms/-/ms-2.1.3.tgz", {}, "sha512-6FlzubTLZG3J2a/NVCAleEhjzq5oxgHyaCU9yYXvcLsvoVaHJq/s5xXI6/XXP6tz7R9xAOtHnSO/tXtF3WRTlA=="],

    "openapi-types": ["openapi-types@12.1.3", "https://registry.nirel.cc/npm/openapi-types/-/openapi-types-12.1.3.tgz", {}, "sha512-N4YtSYJqghVu4iek2ZUvcN/0aqH1kRDuNqzcycDxhOUpg7GdvLa2F3DgS6yBNhInhv2r/6I0Flkn7CqL8+nIcw=="],

    "strtok3": ["strtok3@10.3.5", "https://registry.nirel.cc/npm/strtok3/-/strtok3-10.3.5.tgz", { "dependencies": { "@tokenizer/token": "^0.3.0" } }, "sha512-ki4hZQfh5rX0QDLLkOCj+h+CVNkqmp/CMf8v8kZpkNVK6jGQooMytqzLZYUVYIZcFZ6yDB70EfD8POcFXiF5oA=="],

    "token-types": ["token-types@6.1.2", "https://registry.nirel.cc/npm/token-types/-/token-types-6.1.2.tgz", { "dependencies": { "@borewit/text-codec": "^0.2.1", "@tokenizer/token": "^0.3.0", "ieee754": "^1.2.1" } }, "sha512-dRXchy+C0IgK8WPC6xvCHFRIWYUbqqdEIKPaKo/AcTUNzwLTK6AH7RjdLWsEZcAN/TBdtfUw3PYEgPr5VPr6ww=="],

    "typescript": ["typescript@6.0.3", "https://registry.nirel.cc/npm/typescript/-/typescript-6.0.3.tgz", { "bin": { "tsc": "bin/tsc", "tsserver": "bin/tsserver" } }, "sha512-y2TvuxSZPDyQakkFRPZHKFm+KKVqIisdg9/CZwm9ftvKXLP8NRWj38/ODjNbr43SsoXqNuAisEf1GdCxqWcdBw=="],

    "uint8array-extras": ["uint8array-extras@1.5.0", "https://registry.nirel.cc/npm/uint8array-extras/-/uint8array-extras-1.5.0.tgz", {}, "sha512-rvKSBiC5zqCCiDZ9kAOszZcDvdAHwwIKJG33Ykj43OKcWsnmcBRL09YTU4nOeHZ8Y2a7l1MgTd08SBe9A8Qj6A=="],

    "undici-types": ["undici-types@8.3.0", "https://registry.nirel.cc/npm/undici-types/-/undici-types-8.3.0.tgz", {}, "sha512-j375ScV60dom+YkPFIfTLcOiPxkN/buHz5GobjLhixFuANaNs3C9l4GmrWqejgXWJ7BbJcFYpTEUkS1Ge8bpZQ=="],

    "dom-serializer/entities": ["entities@4.5.0", "https://registry.nirel.cc/npm/entities/-/entities-4.5.0.tgz", {}, "sha512-V0hjH4dGPh9Ao5p0MoRY6BVqtwCjhz6vI5LT8AJ55H+4g9/4vbHx1I54fS0XuclLhDHArPQCiMjDxjaL8fPxhw=="],
  }
}
